
Microsoft Visual Studio Solution File, Format Version 12.00
# Visual Studio 15
VisualStudioVersion = 15.0.28307.329
MinimumVisualStudioVersion = 10.0.40219.1
Project("{8BC9CEB8-8B4A-11D0-8D11-00A0C91BC942}") = "SumsToK", "SumsToK\SumsToK.vcxproj", "{C26DA97D-F00B-4781-8950-3E191B4E8FC7}"
EndProject
Project("{8BC9CEB8-8B4A-11D0-8D11-00A0C91BC942}") = "ProductOfOther", "ProductOfOther\ProductOfOther.vcxproj", "{E0FC4AF1-48EE-46F9-BC29-F6DBEAECD6A9}"
EndProject
Project("{8BC9CEB8-8B4A-11D0-8D11-00A0C91BC942}") = "Serial_Deserial", "Serial_Deserial\Serial_Deserial.vcxproj", "{5F27F727-0904-4A39-AD11-12C19A176ED4}"
EndProject
Project("{8BC9CEB8-8B4A-11D0-8D11-00A0C91BC942}") = "TESTING", "TESTING\TESTING.vcxproj", "{EAB16F5C-8434-4227-8E27-DCAE1B8EA346}"
EndProject
Project("{8BC9CEB8-8B4A-11D0-8D11-00A0C91BC942}") = "FirstPositiveMissing", "FirstPositiveMissing\FirstPositiveMissing.vcxproj", "{B9BD33EA-3993-4C4B-87B9-4B487FA3D305}"
EndProject
Project("{8BC9CEB8-8B4A-11D0-8D11-00A0C91BC942}") = "UnivalTree", "UnivalTree\UnivalTree.vcxproj", "{1F833687-831D-416A-AF42-8E1788158F8C}"
EndProject
Project("{8BC9CEB8-8B4A-11D0-8D11-00A0C91BC942}") = "consPair", "consPair\consPair.vcxproj", "{75F375D6-4420-4D2D-BFCA-803429554D18}"
EndProject
Project("{8BC9CEB8-8B4A-11D0-8D11-00A0C91BC942}") = "XOR", "XOR\XOR.vcxproj", "{8A3921EF-CEF4-43DE-9019-4EE43792E34B}"
EndProject
Project("{8BC9CEB8-8B4A-11D0-8D11-00A0C91BC942}") = "Logging", "Logging\Logging.vcxproj", "{41E4C918-38A1-44D8-905B-32B76F6B41D9}"
EndProject
Project("{8BC9CEB8-8B4A-11D0-8D11-00A0C91BC942}") = "SortingWindow", "SortingWindow\SortingWindow.vcxproj", "{39BF8772-07F9-4575-93FD-7FBE3E51C330}"
EndProject
Project("{8BC9CEB8-8B4A-11D0-8D11-00A0C91BC942}") = "MaxSubarraySum", "MaxSubarraySum\MaxSubarraySum.vcxproj", "{EE4FD132-829C-4D4C-B548-6DDD1DC4EC6C}"
EndProject
Project("{8BC9CEB8-8B4A-11D0-8D11-00A0C91BC942}") = "NumSmallToRight", "NumSmallToRight\NumSmallToRight.vcxproj", "{0404FD96-8867-4A90-AA48-BBBEFE178AF5}"
EndProject
Global
	GlobalSection(SolutionConfigurationPlatforms) = preSolution
		Debug|x64 = Debug|x64
		Debug|x86 = Debug|x86
		Release|x64 = Release|x64
		Release|x86 = Release|x86
	EndGlobalSection
	GlobalSection(ProjectConfigurationPlatforms) = postSolution
		{C26DA97D-F00B-4781-8950-3E191B4E8FC7}.Debug|x64.ActiveCfg = Debug|x64
		{C26DA97D-F00B-4781-8950-3E191B4E8FC7}.Debug|x64.Build.0 = Debug|x64
		{C26DA97D-F00B-4781-8950-3E191B4E8FC7}.Debug|x86.ActiveCfg = Debug|Win32
		{C26DA97D-F00B-4781-8950-3E191B4E8FC7}.Debug|x86.Build.0 = Debug|Win32
		{C26DA97D-F00B-4781-8950-3E191B4E8FC7}.Release|x64.ActiveCfg = Release|x64
		{C26DA97D-F00B-4781-8950-3E191B4E8FC7}.Release|x64.Build.0 = Release|x64
		{C26DA97D-F00B-4781-8950-3E191B4E8FC7}.Release|x86.ActiveCfg = Release|Win32
		{C26DA97D-F00B-4781-8950-3E191B4E8FC7}.Release|x86.Build.0 = Release|Win32
		{E0FC4AF1-48EE-46F9-BC29-F6DBEAECD6A9}.Debug|x64.ActiveCfg = Debug|x64
		{E0FC4AF1-48EE-46F9-BC29-F6DBEAECD6A9}.Debug|x64.Build.0 = Debug|x64
		{E0FC4AF1-48EE-46F9-BC29-F6DBEAECD6A9}.Debug|x86.ActiveCfg = Debug|Win32
		{E0FC4AF1-48EE-46F9-BC29-F6DBEAECD6A9}.Debug|x86.Build.0 = Debug|Win32
		{E0FC4AF1-48EE-46F9-BC29-F6DBEAECD6A9}.Release|x64.ActiveCfg = Release|x64
		{E0FC4AF1-48EE-46F9-BC29-F6DBEAECD6A9}.Release|x64.Build.0 = Release|x64
		{E0FC4AF1-48EE-46F9-BC29-F6DBEAECD6A9}.Release|x86.ActiveCfg = Release|Win32
		{E0FC4AF1-48EE-46F9-BC29-F6DBEAECD6A9}.Release|x86.Build.0 = Release|Win32
		{5F27F727-0904-4A39-AD11-12C19A176ED4}.Debug|x64.ActiveCfg = Debug|x64
		{5F27F727-0904-4A39-AD11-12C19A176ED4}.Debug|x64.Build.0 = Debug|x64
		{5F27F727-0904-4A39-AD11-12C19A176ED4}.Debug|x86.ActiveCfg = Debug|Win32
		{5F27F727-0904-4A39-AD11-12C19A176ED4}.Debug|x86.Build.0 = Debug|Win32
		{5F27F727-0904-4A39-AD11-12C19A176ED4}.Release|x64.ActiveCfg = Release|x64
		{5F27F727-0904-4A39-AD11-12C19A176ED4}.Release|x64.Build.0 = Release|x64
		{5F27F727-0904-4A39-AD11-12C19A176ED4}.Release|x86.ActiveCfg = Release|Win32
		{5F27F727-0904-4A39-AD11-12C19A176ED4}.Release|x86.Build.0 = Release|Win32
		{EAB16F5C-8434-4227-8E27-DCAE1B8EA346}.Debug|x64.ActiveCfg = Debug|x64
		{EAB16F5C-8434-4227-8E27-DCAE1B8EA346}.Debug|x64.Build.0 = Debug|x64
		{EAB16F5C-8434-4227-8E27-DCAE1B8EA346}.Debug|x86.ActiveCfg = Debug|Win32
		{EAB16F5C-8434-4227-8E27-DCAE1B8EA346}.Debug|x86.Build.0 = Debug|Win32
		{EAB16F5C-8434-4227-8E27-DCAE1B8EA346}.Release|x64.ActiveCfg = Release|x64
		{EAB16F5C-8434-4227-8E27-DCAE1B8EA346}.Release|x64.Build.0 = Release|x64
		{EAB16F5C-8434-4227-8E27-DCAE1B8EA346}.Release|x86.ActiveCfg = Release|Win32
		{EAB16F5C-8434-4227-8E27-DCAE1B8EA346}.Release|x86.Build.0 = Release|Win32
		{B9BD33EA-3993-4C4B-87B9-4B487FA3D305}.Debug|x64.ActiveCfg = Debug|x64
		{B9BD33EA-3993-4C4B-87B9-4B487FA3D305}.Debug|x64.Build.0 = Debug|x64
		{B9BD33EA-3993-4C4B-87B9-4B487FA3D305}.Debug|x86.ActiveCfg = Debug|Win32
		{B9BD33EA-3993-4C4B-87B9-4B487FA3D305}.Debug|x86.Build.0 = Debug|Win32
		{B9BD33EA-3993-4C4B-87B9-4B487FA3D305}.Release|x64.ActiveCfg = Release|x64
		{B9BD33EA-3993-4C4B-87B9-4B487FA3D305}.Release|x64.Build.0 = Release|x64
		{B9BD33EA-3993-4C4B-87B9-4B487FA3D305}.Release|x86.ActiveCfg = Release|Win32
		{B9BD33EA-3993-4C4B-87B9-4B487FA3D305}.Release|x86.Build.0 = Release|Win32
		{1F833687-831D-416A-AF42-8E1788158F8C}.Debug|x64.ActiveCfg = Debug|x64
		{1F833687-831D-416A-AF42-8E1788158F8C}.Debug|x64.Build.0 = Debug|x64
		{1F833687-831D-416A-AF42-8E1788158F8C}.Debug|x86.ActiveCfg = Debug|Win32
		{1F833687-831D-416A-AF42-8E1788158F8C}.Debug|x86.Build.0 = Debug|Win32
		{1F833687-831D-416A-AF42-8E1788158F8C}.Release|x64.ActiveCfg = Release|x64
		{1F833687-831D-416A-AF42-8E1788158F8C}.Release|x64.Build.0 = Release|x64
		{1F833687-831D-416A-AF42-8E1788158F8C}.Release|x86.ActiveCfg = Release|Win32
		{1F833687-831D-416A-AF42-8E1788158F8C}.Release|x86.Build.0 = Release|Win32
		{75F375D6-4420-4D2D-BFCA-803429554D18}.Debug|x64.ActiveCfg = Debug|x64
		{75F375D6-4420-4D2D-BFCA-803429554D18}.Debug|x64.Build.0 = Debug|x64
		{75F375D6-4420-4D2D-BFCA-803429554D18}.Debug|x86.ActiveCfg = Debug|Win32
		{75F375D6-4420-4D2D-BFCA-803429554D18}.Debug|x86.Build.0 = Debug|Win32
		{75F375D6-4420-4D2D-BFCA-803429554D18}.Release|x64.ActiveCfg = Release|x64
		{75F375D6-4420-4D2D-BFCA-803429554D18}.Release|x64.Build.0 = Release|x64
		{75F375D6-4420-4D2D-BFCA-803429554D18}.Release|x86.ActiveCfg = Release|Win32
		{75F375D6-4420-4D2D-BFCA-803429554D18}.Release|x86.Build.0 = Release|Win32
		{8A3921EF-CEF4-43DE-9019-4EE43792E34B}.Debug|x64.ActiveCfg = Debug|x64
		{8A3921EF-CEF4-43DE-9019-4EE43792E34B}.Debug|x64.Build.0 = Debug|x64
		{8A3921EF-CEF4-43DE-9019-4EE43792E34B}.Debug|x86.ActiveCfg = Debug|Win32
		{8A3921EF-CEF4-43DE-9019-4EE43792E34B}.Debug|x86.Build.0 = Debug|Win32
		{8A3921EF-CEF4-43DE-9019-4EE43792E34B}.Release|x64.ActiveCfg = Release|x64
		{8A3921EF-CEF4-43DE-9019-4EE43792E34B}.Release|x64.Build.0 = Release|x64
		{8A3921EF-CEF4-43DE-9019-4EE43792E34B}.Release|x86.ActiveCfg = Release|Win32
		{8A3921EF-CEF4-43DE-9019-4EE43792E34B}.Release|x86.Build.0 = Release|Win32
		{41E4C918-38A1-44D8-905B-32B76F6B41D9}.Debug|x64.ActiveCfg = Debug|x64
		{41E4C918-38A1-44D8-905B-32B76F6B41D9}.Debug|x64.Build.0 = Debug|x64
		{41E4C918-38A1-44D8-905B-32B76F6B41D9}.Debug|x86.ActiveCfg = Debug|Win32
		{41E4C918-38A1-44D8-905B-32B76F6B41D9}.Debug|x86.Build.0 = Debug|Win32
		{41E4C918-38A1-44D8-905B-32B76F6B41D9}.Release|x64.ActiveCfg = Release|x64
		{41E4C918-38A1-44D8-905B-32B76F6B41D9}.Release|x64.Build.0 = Release|x64
		{41E4C918-38A1-44D8-905B-32B76F6B41D9}.Release|x86.ActiveCfg = Release|Win32
		{41E4C918-38A1-44D8-905B-32B76F6B41D9}.Release|x86.Build.0 = Release|Win32
		{39BF8772-07F9-4575-93FD-7FBE3E51C330}.Debug|x64.ActiveCfg = Debug|x64
		{39BF8772-07F9-4575-93FD-7FBE3E51C330}.Debug|x64.Build.0 = Debug|x64
		{39BF8772-07F9-4575-93FD-7FBE3E51C330}.Debug|x86.ActiveCfg = Debug|Win32
		{39BF8772-07F9-4575-93FD-7FBE3E51C330}.Debug|x86.Build.0 = Debug|Win32
		{39BF8772-07F9-4575-93FD-7FBE3E51C330}.Release|x64.ActiveCfg = Release|x64
		{39BF8772-07F9-4575-93FD-7FBE3E51C330}.Release|x64.Build.0 = Release|x64
		{39BF8772-07F9-4575-93FD-7FBE3E51C330}.Release|x86.ActiveCfg = Release|Win32
		{39BF8772-07F9-4575-93FD-7FBE3E51C330}.Release|x86.Build.0 = Release|Win32
		{EE4FD132-829C-4D4C-B548-6DDD1DC4EC6C}.Debug|x64.ActiveCfg = Debug|x64
		{EE4FD132-829C-4D4C-B548-6DDD1DC4EC6C}.Debug|x64.Build.0 = Debug|x64
		{EE4FD132-829C-4D4C-B548-6DDD1DC4EC6C}.Debug|x86.ActiveCfg = Debug|Win32
		{EE4FD132-829C-4D4C-B548-6DDD1DC4EC6C}.Debug|x86.Build.0 = Debug|Win32
		{EE4FD132-829C-4D4C-B548-6DDD1DC4EC6C}.Release|x64.ActiveCfg = Release|x64
		{EE4FD132-829C-4D4C-B548-6DDD1DC4EC6C}.Release|x64.Build.0 = Release|x64
		{EE4FD132-829C-4D4C-B548-6DDD1DC4EC6C}.Release|x86.ActiveCfg = Release|Win32
		{EE4FD132-829C-4D4C-B548-6DDD1DC4EC6C}.Release|x86.Build.0 = Release|Win32
		{0404FD96-8867-4A90-AA48-BBBEFE178AF5}.Debug|x64.ActiveCfg = Debug|x64
		{0404FD96-8867-4A90-AA48-BBBEFE178AF5}.Debug|x64.Build.0 = Debug|x64
		{0404FD96-8867-4A90-AA48-BBBEFE178AF5}.Debug|x86.ActiveCfg = Debug|Win32
		{0404FD96-8867-4A90-AA48-BBBEFE178AF5}.Debug|x86.Build.0 = Debug|Win32
		{0404FD96-8867-4A90-AA48-BBBEFE178AF5}.Release|x64.ActiveCfg = Release|x64
		{0404FD96-8867-4A90-AA48-BBBEFE178AF5}.Release|x64.Build.0 = Release|x64
		{0404FD96-8867-4A90-AA48-BBBEFE178AF5}.Release|x86.ActiveCfg = Release|Win32
		{0404FD96-8867-4A90-AA48-BBBEFE178AF5}.Release|x86.Build.0 = Release|Win32
	EndGlobalSection
	GlobalSection(SolutionProperties) = preSolution
		HideSolutionNode = FALSE
	EndGlobalSection
	GlobalSection(ExtensibilityGlobals) = postSolution
		SolutionGuid = {09848D72-0ABC-40AE-8C06-CB4B06EF4B55}
	EndGlobalSection
EndGlobal
